PODS:
  - SVProgressHUD (2.2.5)
  - TencentMap-SDK (4.3.0)

DEPENDENCIES:
  - SVProgressHUD
  - TencentMap-SDK

SPEC REPOS:
  trunk:
    - SVProgressHUD
    - TencentMap-SDK

SPEC CHECKSUMS:
  SVProgressHUD: 1428aafac632c1f86f62aa4243ec12008d7a51d6
  TencentMap-SDK: b5f3e0f908132cc037a71f845d8b9090fa47b40d

PODFILE CHECKSUM: 5e1a6ec5d573429d839c768c12318ab2b57eceb5

COCOAPODS: 1.9.1
